
Microsoft Visual Studio Solution File, Format Version 12.00
# Visual Studio 2013
VisualStudioVersion = 12.0.31101.0
MinimumVisualStudioVersion = 10.0.40219.1
Project("{FAE04EC0-301F-11D3-BF4B-00C04F79EFBC}") = "Webgape", "Webgape\Webgape.csproj", "{681FCD7B-657C-4A7B-BC9C-7DEF592F1C11}"
EndProject
Project("{FAE04EC0-301F-11D3-BF4B-00C04F79EFBC}") = "WebgapeClass", "WebgapeClass\WebgapeClass.csproj", "{3A042BF9-C397-4CF0-ACD0-61EE8D7A83D2}"
EndProject
Global
	GlobalSection(SolutionConfigurationPlatforms) = preSolution
		Debug|Any CPU = Debug|Any CPU
		Release|Any CPU = Release|Any CPU
	EndGlobalSection
	GlobalSection(ProjectConfigurationPlatforms) = postSolution
		{681FCD7B-657C-4A7B-BC9C-7DEF592F1C11}.Debug|Any CPU.ActiveCfg = Debug|Any CPU
		{681FCD7B-657C-4A7B-BC9C-7DEF592F1C11}.Debug|Any CPU.Build.0 = Debug|Any CPU
		{681FCD7B-657C-4A7B-BC9C-7DEF592F1C11}.Release|Any CPU.ActiveCfg = Release|Any CPU
		{681FCD7B-657C-4A7B-BC9C-7DEF592F1C11}.Release|Any CPU.Build.0 = Release|Any CPU
		{3A042BF9-C397-4CF0-ACD0-61EE8D7A83D2}.Debug|Any CPU.ActiveCfg = Debug|Any CPU
		{3A042BF9-C397-4CF0-ACD0-61EE8D7A83D2}.Debug|Any CPU.Build.0 = Debug|Any CPU
		{3A042BF9-C397-4CF0-ACD0-61EE8D7A83D2}.Release|Any CPU.ActiveCfg = Release|Any CPU
		{3A042BF9-C397-4CF0-ACD0-61EE8D7A83D2}.Release|Any CPU.Build.0 = Release|Any CPU
	EndGlobalSection
	GlobalSection(SolutionProperties) = preSolution
		HideSolutionNode = FALSE
	EndGlobalSection
EndGlobal
